
Microsoft Visual Studio Solution File, Format Version 12.00
# Visual Studio Version 17
VisualStudioVersion = 17.8.34525.116
MinimumVisualStudioVersion = 10.0.40219.1
Project("{FAE04EC0-301F-11D3-BF4B-00C04F79EFBC}") = "CreationalPatterns", "CreationalPatterns\CreationalPatterns.csproj", "{3E3E11D8-64D7-4A49-AD90-1C23D8A35A6B}"
EndProject
Global
	GlobalSection(SolutionConfigurationPlatforms) = preSolution
		Debug|Any CPU = Debug|Any CPU
		Release|Any CPU = Release|Any CPU
	EndGlobalSection
	GlobalSection(ProjectConfigurationPlatforms) = postSolution
		{3E3E11D8-64D7-4A49-AD90-1C23D8A35A6B}.Debug|Any CPU.ActiveCfg = Debug|Any CPU
		{3E3E11D8-64D7-4A49-AD90-1C23D8A35A6B}.Debug|Any CPU.Build.0 = Debug|Any CPU
		{3E3E11D8-64D7-4A49-AD90-1C23D8A35A6B}.Release|Any CPU.ActiveCfg = Release|Any CPU
		{3E3E11D8-64D7-4A49-AD90-1C23D8A35A6B}.Release|Any CPU.Build.0 = Release|Any CPU
	EndGlobalSection
	GlobalSection(SolutionProperties) = preSolution
		HideSolutionNode = FALSE
	EndGlobalSection
	GlobalSection(ExtensibilityGlobals) = postSolution
		SolutionGuid = {469A0378-A445-40D9-87A6-08DFED598DA0}
	EndGlobalSection
EndGlobal
