
Microsoft Visual Studio Solution File, Format Version 12.00
# Visual Studio Version 17
VisualStudioVersion = 17.8.34525.116
MinimumVisualStudioVersion = 10.0.40219.1
Project("{FAE04EC0-301F-11D3-BF4B-00C04F79EFBC}") = "3DObjects", "3DObjects\3DObjects.csproj", "{10C14BBB-BE7D-4571-8394-FF9574F5CA1B}"
EndProject
Global
	GlobalSection(SolutionConfigurationPlatforms) = preSolution
		Debug|Any CPU = Debug|Any CPU
		Release|Any CPU = Release|Any CPU
	EndGlobalSection
	GlobalSection(ProjectConfigurationPlatforms) = postSolution
		{10C14BBB-BE7D-4571-8394-FF9574F5CA1B}.Debug|Any CPU.ActiveCfg = Debug|Any CPU
		{10C14BBB-BE7D-4571-8394-FF9574F5CA1B}.Debug|Any CPU.Build.0 = Debug|Any CPU
		{10C14BBB-BE7D-4571-8394-FF9574F5CA1B}.Release|Any CPU.ActiveCfg = Release|Any CPU
		{10C14BBB-BE7D-4571-8394-FF9574F5CA1B}.Release|Any CPU.Build.0 = Release|Any CPU
	EndGlobalSection
	GlobalSection(SolutionProperties) = preSolution
		HideSolutionNode = FALSE
	EndGlobalSection
	GlobalSection(ExtensibilityGlobals) = postSolution
		SolutionGuid = {A50A14D3-B5AF-469F-900A-0180D8D29FFB}
	EndGlobalSection
EndGlobal
